
Microsoft Visual Studio Solution File, Format Version 12.00
# Visual Studio Version 17
VisualStudioVersion = 17.2.32526.322
MinimumVisualStudioVersion = 10.0.40219.1
Project("{FAE04EC0-301F-11D3-BF4B-00C04F79EFBC}") = "HW4_WPF_Vasilchenko", "HW4_WPF_Vasilchenko\HW4_WPF_Vasilchenko.csproj", "{002E43B5-D0E1-4AFA-8DF1-C77182ECAA00}"
EndProject
Global
	GlobalSection(SolutionConfigurationPlatforms) = preSolution
		Debug|Any CPU = Debug|Any CPU
		Release|Any CPU = Release|Any CPU
	EndGlobalSection
	GlobalSection(ProjectConfigurationPlatforms) = postSolution
		{002E43B5-D0E1-4AFA-8DF1-C77182ECAA00}.Debug|Any CPU.ActiveCfg = Debug|Any CPU
		{002E43B5-D0E1-4AFA-8DF1-C77182ECAA00}.Debug|Any CPU.Build.0 = Debug|Any CPU
		{002E43B5-D0E1-4AFA-8DF1-C77182ECAA00}.Release|Any CPU.ActiveCfg = Release|Any CPU
		{002E43B5-D0E1-4AFA-8DF1-C77182ECAA00}.Release|Any CPU.Build.0 = Release|Any CPU
	EndGlobalSection
	GlobalSection(SolutionProperties) = preSolution
		HideSolutionNode = FALSE
	EndGlobalSection
	GlobalSection(ExtensibilityGlobals) = postSolution
		SolutionGuid = {C05641F4-21D5-4243-99FD-5C8380158104}
	EndGlobalSection
EndGlobal
